
Microsoft Visual Studio Solution File, Format Version 12.00
# Visual Studio Version 16
VisualStudioVersion = 16.0.31129.286
MinimumVisualStudioVersion = 10.0.40219.1
Project("{FAE04EC0-301F-11D3-BF4B-00C04F79EFBC}") = "democart_automation", "democart_automation\democart_automation.csproj", "{0F4AF014-9984-46B0-B8B5-7493380F4BF7}"
EndProject
Global
	GlobalSection(SolutionConfigurationPlatforms) = preSolution
		Debug|Any CPU = Debug|Any CPU
		Release|Any CPU = Release|Any CPU
	EndGlobalSection
	GlobalSection(ProjectConfigurationPlatforms) = postSolution
		{0F4AF014-9984-46B0-B8B5-7493380F4BF7}.Debug|Any CPU.ActiveCfg = Debug|Any CPU
		{0F4AF014-9984-46B0-B8B5-7493380F4BF7}.Debug|Any CPU.Build.0 = Debug|Any CPU
		{0F4AF014-9984-46B0-B8B5-7493380F4BF7}.Release|Any CPU.ActiveCfg = Release|Any CPU
		{0F4AF014-9984-46B0-B8B5-7493380F4BF7}.Release|Any CPU.Build.0 = Release|Any CPU
	EndGlobalSection
	GlobalSection(SolutionProperties) = preSolution
		HideSolutionNode = FALSE
	EndGlobalSection
	GlobalSection(ExtensibilityGlobals) = postSolution
		SolutionGuid = {BDFA888F-A9DF-4F7F-A027-794DD2139576}
	EndGlobalSection
EndGlobal
